
Microsoft Visual Studio Solution File, Format Version 12.00
# Visual Studio Version 16
VisualStudioVersion = 16.0.30503.244
MinimumVisualStudioVersion = 10.0.40219.1
Project("{FAE04EC0-301F-11D3-BF4B-00C04F79EFBC}") = "Dragon_Portfolio", "Dragon_Portfolio.csproj", "{78563D4F-2BAC-40CA-A97A-9B177A568881}"
EndProject
Global
	GlobalSection(SolutionConfigurationPlatforms) = preSolution
		Debug|Any CPU = Debug|Any CPU
		Release|Any CPU = Release|Any CPU
	EndGlobalSection
	GlobalSection(ProjectConfigurationPlatforms) = postSolution
		{78563D4F-2BAC-40CA-A97A-9B177A568881}.Debug|Any CPU.ActiveCfg = Debug|Any CPU
		{78563D4F-2BAC-40CA-A97A-9B177A568881}.Debug|Any CPU.Build.0 = Debug|Any CPU
		{78563D4F-2BAC-40CA-A97A-9B177A568881}.Release|Any CPU.ActiveCfg = Release|Any CPU
		{78563D4F-2BAC-40CA-A97A-9B177A568881}.Release|Any CPU.Build.0 = Release|Any CPU
	EndGlobalSection
	GlobalSection(SolutionProperties) = preSolution
		HideSolutionNode = FALSE
	EndGlobalSection
	GlobalSection(ExtensibilityGlobals) = postSolution
		SolutionGuid = {1066C69B-1A04-49EF-B12D-3CDB3B53ACBB}
	EndGlobalSection
EndGlobal
